// !$*UTF8*$!
{
	archiveVersion = 1;
	classes = {
	};
	objectVersion = 46;
	objects = {

/* Begin PBXBuildFile section */
		0B86CBE71952B99E000D9CEC /* main.m in Sources */ = {isa = PBXBuildFile; fileRef = 0B86CBE61952B99E000D9CEC /* main.m */; };
/* End PBXBuildFile section */

/* Begin PBXCopyFilesBuildPhase section */
		0B86CBE11952B99E000D9CEC /* CopyFiles */ = {
			isa = PBXCopyFilesBuildPhase;
			buildActionMask = 2147483647;
			dstPath = /usr/share/man/man1/;
			dstSubfolderSpec = 0;
			files = (
			);
			runOnlyForDeploymentPostprocessing = 1;
		};
/* End PBXCopyFilesBuildPhase section */

/* Begin PBXFileReference section */
		0B86CBE31952B99E000D9CEC /* NSDogeString */ = {isa = PBXFileReference; explicitFileType = "compiled.mach-o.executable"; includeInIndex = 0; path = NSDogeString; sourceTree = BUILT_PRODUCTS_DIR; };
		0B86CBE61952B99E000D9CEC /* main.m */ = {isa = PBXFileReference; lastKnownFileType = sourcecode.c.objc; path = main.m; sourceTree = "<group>"; };
/* End PBXFileReference section */

/* Begin PBXFrameworksBuildPhase section */
		0B86CBE01952B99E000D9CEC /* Frameworks */ = {
			isa = PBXFrameworksBuildPhase;
			buildActionMask = 2147483647;
			files = (
			);
			runOnlyForDeploymentPostprocessing = 0;
		};
/* End PBXFrameworksBuildPhase section */

/* Begin PBXGroup section */
		0B86CBDA1952B99E000D9CEC = {
			isa = PBXGroup;
			children = (
				0B86CBE51952B99E000D9CEC /* NSDogeString */,
				0B86CBE41952B99E000D9CEC /* Products */,
			);
			sourceTree = "<group>";
		};
		0B86CBE41952B99E000D9CEC /* Products */ = {
			isa = PBXGroup;
			children = (
				0B86CBE31952B99E000D9CEC /* NSDogeString */,
			);
			name = Products;
			sourceTree = "<group>";
		};
		0B86CBE51952B99E000D9CEC /* NSDogeString */ = {
			isa = PBXGroup;
			children = (
				0B86CBE61952B99E000D9CEC /* main.m */,
			);
			path = NSDogeString;
			sourceTree = "<group>";
		};
/* End PBXGroup section */

/* Begin PBXNativeTarget section */
		0B86CBE21952B99E000D9CEC /* NSDogeString */ = {
			isa = PBXNativeTarget;
			buildConfigurationList = 0B86CBEA1952B99E000D9CEC /* Build configuration list for PBXNativeTarget "NSDogeString" */;
			buildPhases = (
				0B86CBDF1952B99E000D9CEC /* Sources */,
				0B86CBE01952B99E000D9CEC /* Frameworks */,
				0B86CBE11952B99E000D9CEC /* CopyFiles */,
			);
			buildRules = (
			);
			dependencies = (
			);
			name = NSDogeString;
			productName = NSDogeString;
			productReference = 0B86CBE31952B99E000D9CEC /* NSDogeString */;
			productType = "com.apple.product-type.tool";
		};
/* End PBXNativeTarget section */

/* Begin PBXProject section */
		0B86CBDB1952B99E000D9CEC /* Project object */ = {
			isa = PBXProject;
			attributes = {
				LastUpgradeCheck = 0600;
				ORGANIZATIONNAME = "Adam Bell";
				TargetAttributes = {
					0B86CBE21952B99E000D9CEC = {
						CreatedOnToolsVersion = 6.0;
					};
				};
			};
			buildConfigurationList = 0B86CBDE1952B99E000D9CEC /* Build configuration list for PBXProject "NSDogeString" */;
			compatibilityVersion = "Xcode 3.2";
			developmentRegion = English;
			hasScannedForEncodings = 0;
			knownRegions = (
				en,
			);
			mainGroup = 0B86CBDA1952B99E000D9CEC;
			productRefGroup = 0B86CBE41952B99E000D9CEC /* Products */;
			projectDirPath = "";
			projectRoot = "";
			targets = (
				0B86CBE21952B99E000D9CEC /* NSDogeString */,
			);
		};
/* End PBXProject section */

/* Begin PBXSourcesBuildPhase section */
		0B86CBDF1952B99E000D9CEC /* Sources */ = {
			isa = PBXSourcesBuildPhase;
			buildActionMask = 2147483647;
			files = (
				0B86CBE71952B99E000D9CEC /* main.m in Sources */,
			);
			runOnlyForDeploymentPostprocessing = 0;
		};
/* End PBXSourcesBuildPhase section */

/* Begin XCBuildConfiguration section */
		0B86CBE81952B99E000D9CEC /* Debug */ = {
			isa = XCBuildConfiguration;
			buildSettings = {
				ALWAYS_SEARCH_USER_PATHS = NO;
				CLANG_CXX_LANGUAGE_STANDARD = "gnu++0x";
				CLANG_CXX_LIBRARY = "libc++";
				CLANG_ENABLE_MODULES = YES;
				CLANG_ENABLE_OBJC_ARC = YES;
				CLANG_WARN_BOOL_CONVERSION = YES;
				CLANG_WARN_CONSTANT_CONVERSION = YES;
				CLANG_WARN_DIRECT_OBJC_ISA_USAGE = YES_ERROR;
				CLANG_WARN_EMPTY_BODY = YES;
				CLANG_WARN_ENUM_CONVERSION = YES;
				CLANG_WARN_INT_CONVERSION = YES;
				CLANG_WARN_OBJC_ROOT_CLASS = YES_ERROR;
				CLANG_WARN_UNREACHABLE_CODE = YES;
				CLANG_WARN__DUPLICATE_METHOD_MATCH = YES;
				COPY_PHASE_STRIP = NO;
				ENABLE_STRICT_OBJC_MSGSEND = YES;
				GCC_C_LANGUAGE_STANDARD = gnu99;
				GCC_DYNAMIC_NO_PIC = NO;
				GCC_OPTIMIZATION_LEVEL = 0;
				GCC_PREPROCESSOR_DEFINITIONS = (
					"DEBUG=1",
					"$(inherited)",
				);
				GCC_SYMBOLS_PRIVATE_EXTERN = NO;
				GCC_WARN_64_TO_32_BIT_CONVERSION = YES;
				GCC_WARN_ABOUT_RETURN_TYPE = YES_ERROR;
				GCC_WARN_UNDECLARED_SELECTOR = YES;
				GCC_WARN_UNINITIALIZED_AUTOS = YES_AGGRESSIVE;
				GCC_WARN_UNUSED_FUNCTION = YES;
				GCC_WARN_UNUSED_VARIABLE = YES;
				MACOSX_DEPLOYMENT_TARGET = 10.9;
				METAL_ENABLE_DEBUG_INFO = YES;
				ONLY_ACTIVE_ARCH = YES;
				SDKROOT = macosx;
			};
			name = Debug;
		};
		0B86CBE91952B99E000D9CEC /* Release */ = {
			isa = XCBuildConfiguration;
			buildSettings = {
				ALWAYS_SEARCH_USER_PATHS = NO;
				CLANG_CXX_LANGUAGE_STANDARD = "gnu++0x";
				CLANG_CXX_LIBRARY = "libc++";
				CLANG_ENABLE_MODULES = YES;
				CLANG_ENABLE_OBJC_ARC = YES;
				CLANG_WARN_BOOL_CONVERSION = YES;
				CLANG_WARN_CONSTANT_CONVERSION = YES;
				CLANG_WARN_DIRECT_OBJC_ISA_USAGE = YES_ERROR;
				CLANG_WARN_EMPTY_BODY = YES;
				CLANG_WARN_ENUM_CONVERSION = YES;
				CLANG_WARN_INT_CONVERSION = YES;
				CLANG_WARN_OBJC_ROOT_CLASS = YES_ERROR;
				CLANG_WARN_UNREACHABLE_CODE = YES;
				CLANG_WARN__DUPLICATE_METHOD_MATCH = YES;
				COPY_PHASE_STRIP = YES;
				DEBUG_INFORMATION_FORMAT = "dwarf-with-dsym";
				ENABLE_NS_ASSERTIONS = NO;
				ENABLE_STRICT_OBJC_MSGSEND = YES;
				GCC_C_LANGUAGE_STANDARD = gnu99;
				GCC_WARN_64_TO_32_BIT_CONVERSION = YES;
				GCC_WARN_ABOUT_RETURN_TYPE = YES_ERROR;
				GCC_WARN_UNDECLARED_SELECTOR = YES;
				GCC_WARN_UNINITIALIZED_AUTOS = YES_AGGRESSIVE;
				GCC_WARN_UNUSED_FUNCTION = YES;
				GCC_WARN_UNUSED_VARIABLE = YES;
				MACOSX_DEPLOYMENT_TARGET = 10.9;
				METAL_ENABLE_DEBUG_INFO = NO;
				SDKROOT = macosx;
			};
			name = Release;
		};
		0B86CBEB1952B99E000D9CEC /* Debug */ = {
			isa = XCBuildConfiguration;
			buildSettings = {
				PRODUCT_NAME = "$(TARGET_NAME)";
			};
			name = Debug;
		};
		0B86CBEC1952B99E000D9CEC /* Release */ = {
			isa = XCBuildConfiguration;
			buildSettings = {
				PRODUCT_NAME = "$(TARGET_NAME)";
			};
			name = Release;
		};
/* End XCBuildConfiguration section */

/* Begin XCConfigurationList section */
		0B86CBDE1952B99E000D9CEC /* Build configuration list for PBXProject "NSDogeString" */ = {
			isa = XCConfigurationList;
			buildConfigurations = (
				0B86CBE81952B99E000D9CEC /* Debug */,
				0B86CBE91952B99E000D9CEC /* Release */,
			);
			defaultConfigurationIsVisible = 0;
			defaultConfigurationName = Release;
		};
		0B86CBEA1952B99E000D9CEC /* Build configuration list for PBXNativeTarget "NSDogeString" */ = {
			isa = XCConfigurationList;
			buildConfigurations = (
				0B86CBEB1952B99E000D9CEC /* Debug */,
				0B86CBEC1952B99E000D9CEC /* Release */,
			);
			defaultConfigurationIsVisible = 0;
		};
/* End XCConfigurationList section */
	};
	rootObject = 0B86CBDB1952B99E000D9CEC /* Project object */;
}
